
Microsoft Visual Studio Solution File, Format Version 12.00
# Visual Studio Version 17
VisualStudioVersion = 17.10.34928.147
MinimumVisualStudioVersion = 10.0.40219.1
Project("{FAE04EC0-301F-11D3-BF4B-00C04F79EFBC}") = "Инженерный калькулятор", "Инженерный калькулятор.csproj", "{6A3B8ACE-D3B1-4C80-A11E-77821699F518}"
EndProject
Global
	GlobalSection(SolutionConfigurationPlatforms) = preSolution
		Debug|Any CPU = Debug|Any CPU
		Release|Any CPU = Release|Any CPU
	EndGlobalSection
	GlobalSection(ProjectConfigurationPlatforms) = postSolution
		{6A3B8ACE-D3B1-4C80-A11E-77821699F518}.Debug|Any CPU.ActiveCfg = Debug|Any CPU
		{6A3B8ACE-D3B1-4C80-A11E-77821699F518}.Debug|Any CPU.Build.0 = Debug|Any CPU
		{6A3B8ACE-D3B1-4C80-A11E-77821699F518}.Release|Any CPU.ActiveCfg = Release|Any CPU
		{6A3B8ACE-D3B1-4C80-A11E-77821699F518}.Release|Any CPU.Build.0 = Release|Any CPU
	EndGlobalSection
	GlobalSection(SolutionProperties) = preSolution
		HideSolutionNode = FALSE
	EndGlobalSection
	GlobalSection(ExtensibilityGlobals) = postSolution
		SolutionGuid = {CEF55AEB-F1D6-4476-BC9C-1C6E581A9C77}
	EndGlobalSection
EndGlobal
